
Microsoft Visual Studio Solution File, Format Version 12.00
# Visual Studio 15
VisualStudioVersion = 15.0.26124.0
MinimumVisualStudioVersion = 15.0.26124.0
Project("{2150E333-8FDC-42A3-9474-1A3956D46DE8}") = "src", "src", "{A74B1429-8CAA-425C-B761-2364818033C5}"
EndProject
Project("{2150E333-8FDC-42A3-9474-1A3956D46DE8}") = "02-ApplicationServices", "02-ApplicationServices", "{47C61682-A2FB-437E-B185-FCA7DDC7234C}"
EndProject
Project("{FAE04EC0-301F-11D3-BF4B-00C04F79EFBC}") = "WebApi", "src\02-ApplicationServices\WebApi\WebApi.csproj", "{D5CF0E0A-17C8-47DF-A588-9DB239B44E97}"
EndProject
Project("{2150E333-8FDC-42A3-9474-1A3956D46DE8}") = "03-Database", "03-Database", "{2F0725B2-8F6A-4885-9FB4-7E15014527E0}"
EndProject
Project("{FAE04EC0-301F-11D3-BF4B-00C04F79EFBC}") = "DatabaseContext", "src\03-Database\DatabaseContext\DatabaseContext.csproj", "{5A3947CF-28A6-4D4A-8EA2-B574A8069771}"
EndProject
Project("{FAE04EC0-301F-11D3-BF4B-00C04F79EFBC}") = "DataModel", "src\03-Database\DataModel\DataModel.csproj", "{FF7B5543-6AD8-46D8-B613-FE518A34CD1C}"
EndProject
Project("{FAE04EC0-301F-11D3-BF4B-00C04F79EFBC}") = "DataRepository", "src\03-Database\DataRepository\DataRepository.csproj", "{4633D230-7AB0-4229-B09B-926E56FF5777}"
EndProject
Project("{FAE04EC0-301F-11D3-BF4B-00C04F79EFBC}") = "DataServices", "src\03-Database\DataServices\DataServices.csproj", "{AFE475C5-5BF5-420D-93EF-1A95C8823DA4}"
EndProject
Global
	GlobalSection(SolutionConfigurationPlatforms) = preSolution
		Debug|Any CPU = Debug|Any CPU
		Debug|x64 = Debug|x64
		Debug|x86 = Debug|x86
		Release|Any CPU = Release|Any CPU
		Release|x64 = Release|x64
		Release|x86 = Release|x86
	EndGlobalSection
	GlobalSection(SolutionProperties) = preSolution
		HideSolutionNode = FALSE
	EndGlobalSection
	GlobalSection(ProjectConfigurationPlatforms) = postSolution
		{D5CF0E0A-17C8-47DF-A588-9DB239B44E97}.Debug|Any CPU.ActiveCfg = Debug|Any CPU
		{D5CF0E0A-17C8-47DF-A588-9DB239B44E97}.Debug|Any CPU.Build.0 = Debug|Any CPU
		{D5CF0E0A-17C8-47DF-A588-9DB239B44E97}.Debug|x64.ActiveCfg = Debug|x64
		{D5CF0E0A-17C8-47DF-A588-9DB239B44E97}.Debug|x64.Build.0 = Debug|x64
		{D5CF0E0A-17C8-47DF-A588-9DB239B44E97}.Debug|x86.ActiveCfg = Debug|x86
		{D5CF0E0A-17C8-47DF-A588-9DB239B44E97}.Debug|x86.Build.0 = Debug|x86
		{D5CF0E0A-17C8-47DF-A588-9DB239B44E97}.Release|Any CPU.ActiveCfg = Release|Any CPU
		{D5CF0E0A-17C8-47DF-A588-9DB239B44E97}.Release|Any CPU.Build.0 = Release|Any CPU
		{D5CF0E0A-17C8-47DF-A588-9DB239B44E97}.Release|x64.ActiveCfg = Release|x64
		{D5CF0E0A-17C8-47DF-A588-9DB239B44E97}.Release|x64.Build.0 = Release|x64
		{D5CF0E0A-17C8-47DF-A588-9DB239B44E97}.Release|x86.ActiveCfg = Release|x86
		{D5CF0E0A-17C8-47DF-A588-9DB239B44E97}.Release|x86.Build.0 = Release|x86
		{5A3947CF-28A6-4D4A-8EA2-B574A8069771}.Debug|Any CPU.ActiveCfg = Debug|Any CPU
		{5A3947CF-28A6-4D4A-8EA2-B574A8069771}.Debug|Any CPU.Build.0 = Debug|Any CPU
		{5A3947CF-28A6-4D4A-8EA2-B574A8069771}.Debug|x64.ActiveCfg = Debug|x64
		{5A3947CF-28A6-4D4A-8EA2-B574A8069771}.Debug|x64.Build.0 = Debug|x64
		{5A3947CF-28A6-4D4A-8EA2-B574A8069771}.Debug|x86.ActiveCfg = Debug|x86
		{5A3947CF-28A6-4D4A-8EA2-B574A8069771}.Debug|x86.Build.0 = Debug|x86
		{5A3947CF-28A6-4D4A-8EA2-B574A8069771}.Release|Any CPU.ActiveCfg = Release|Any CPU
		{5A3947CF-28A6-4D4A-8EA2-B574A8069771}.Release|Any CPU.Build.0 = Release|Any CPU
		{5A3947CF-28A6-4D4A-8EA2-B574A8069771}.Release|x64.ActiveCfg = Release|x64
		{5A3947CF-28A6-4D4A-8EA2-B574A8069771}.Release|x64.Build.0 = Release|x64
		{5A3947CF-28A6-4D4A-8EA2-B574A8069771}.Release|x86.ActiveCfg = Release|x86
		{5A3947CF-28A6-4D4A-8EA2-B574A8069771}.Release|x86.Build.0 = Release|x86
		{FF7B5543-6AD8-46D8-B613-FE518A34CD1C}.Debug|Any CPU.ActiveCfg = Debug|Any CPU
		{FF7B5543-6AD8-46D8-B613-FE518A34CD1C}.Debug|Any CPU.Build.0 = Debug|Any CPU
		{FF7B5543-6AD8-46D8-B613-FE518A34CD1C}.Debug|x64.ActiveCfg = Debug|x64
		{FF7B5543-6AD8-46D8-B613-FE518A34CD1C}.Debug|x64.Build.0 = Debug|x64
		{FF7B5543-6AD8-46D8-B613-FE518A34CD1C}.Debug|x86.ActiveCfg = Debug|x86
		{FF7B5543-6AD8-46D8-B613-FE518A34CD1C}.Debug|x86.Build.0 = Debug|x86
		{FF7B5543-6AD8-46D8-B613-FE518A34CD1C}.Release|Any CPU.ActiveCfg = Release|Any CPU
		{FF7B5543-6AD8-46D8-B613-FE518A34CD1C}.Release|Any CPU.Build.0 = Release|Any CPU
		{FF7B5543-6AD8-46D8-B613-FE518A34CD1C}.Release|x64.ActiveCfg = Release|x64
		{FF7B5543-6AD8-46D8-B613-FE518A34CD1C}.Release|x64.Build.0 = Release|x64
		{FF7B5543-6AD8-46D8-B613-FE518A34CD1C}.Release|x86.ActiveCfg = Release|x86
		{FF7B5543-6AD8-46D8-B613-FE518A34CD1C}.Release|x86.Build.0 = Release|x86
		{4633D230-7AB0-4229-B09B-926E56FF5777}.Debug|Any CPU.ActiveCfg = Debug|Any CPU
		{4633D230-7AB0-4229-B09B-926E56FF5777}.Debug|Any CPU.Build.0 = Debug|Any CPU
		{4633D230-7AB0-4229-B09B-926E56FF5777}.Debug|x64.ActiveCfg = Debug|x64
		{4633D230-7AB0-4229-B09B-926E56FF5777}.Debug|x64.Build.0 = Debug|x64
		{4633D230-7AB0-4229-B09B-926E56FF5777}.Debug|x86.ActiveCfg = Debug|x86
		{4633D230-7AB0-4229-B09B-926E56FF5777}.Debug|x86.Build.0 = Debug|x86
		{4633D230-7AB0-4229-B09B-926E56FF5777}.Release|Any CPU.ActiveCfg = Release|Any CPU
		{4633D230-7AB0-4229-B09B-926E56FF5777}.Release|Any CPU.Build.0 = Release|Any CPU
		{4633D230-7AB0-4229-B09B-926E56FF5777}.Release|x64.ActiveCfg = Release|x64
		{4633D230-7AB0-4229-B09B-926E56FF5777}.Release|x64.Build.0 = Release|x64
		{4633D230-7AB0-4229-B09B-926E56FF5777}.Release|x86.ActiveCfg = Release|x86
		{4633D230-7AB0-4229-B09B-926E56FF5777}.Release|x86.Build.0 = Release|x86
		{AFE475C5-5BF5-420D-93EF-1A95C8823DA4}.Debug|Any CPU.ActiveCfg = Debug|Any CPU
		{AFE475C5-5BF5-420D-93EF-1A95C8823DA4}.Debug|Any CPU.Build.0 = Debug|Any CPU
		{AFE475C5-5BF5-420D-93EF-1A95C8823DA4}.Debug|x64.ActiveCfg = Debug|x64
		{AFE475C5-5BF5-420D-93EF-1A95C8823DA4}.Debug|x64.Build.0 = Debug|x64
		{AFE475C5-5BF5-420D-93EF-1A95C8823DA4}.Debug|x86.ActiveCfg = Debug|x86
		{AFE475C5-5BF5-420D-93EF-1A95C8823DA4}.Debug|x86.Build.0 = Debug|x86
		{AFE475C5-5BF5-420D-93EF-1A95C8823DA4}.Release|Any CPU.ActiveCfg = Release|Any CPU
		{AFE475C5-5BF5-420D-93EF-1A95C8823DA4}.Release|Any CPU.Build.0 = Release|Any CPU
		{AFE475C5-5BF5-420D-93EF-1A95C8823DA4}.Release|x64.ActiveCfg = Release|x64
		{AFE475C5-5BF5-420D-93EF-1A95C8823DA4}.Release|x64.Build.0 = Release|x64
		{AFE475C5-5BF5-420D-93EF-1A95C8823DA4}.Release|x86.ActiveCfg = Release|x86
		{AFE475C5-5BF5-420D-93EF-1A95C8823DA4}.Release|x86.Build.0 = Release|x86
	EndGlobalSection
	GlobalSection(NestedProjects) = preSolution
		{47C61682-A2FB-437E-B185-FCA7DDC7234C} = {A74B1429-8CAA-425C-B761-2364818033C5}
		{D5CF0E0A-17C8-47DF-A588-9DB239B44E97} = {47C61682-A2FB-437E-B185-FCA7DDC7234C}
		{2F0725B2-8F6A-4885-9FB4-7E15014527E0} = {A74B1429-8CAA-425C-B761-2364818033C5}
		{5A3947CF-28A6-4D4A-8EA2-B574A8069771} = {2F0725B2-8F6A-4885-9FB4-7E15014527E0}
		{FF7B5543-6AD8-46D8-B613-FE518A34CD1C} = {2F0725B2-8F6A-4885-9FB4-7E15014527E0}
		{4633D230-7AB0-4229-B09B-926E56FF5777} = {2F0725B2-8F6A-4885-9FB4-7E15014527E0}
		{AFE475C5-5BF5-420D-93EF-1A95C8823DA4} = {2F0725B2-8F6A-4885-9FB4-7E15014527E0}
	EndGlobalSection
EndGlobal
