Microsoft Visual Studio Solution File, Format Version 12.00
# Visual Studio 15
VisualStudioVersion = 15.0.26730.12
MinimumVisualStudioVersion = 15.0.26124.0
Project("{9A19103F-16F7-4668-BE54-9A1E7A4F7556}") = "DataModel", "src\DataModel\DataModel.csproj", "{19D8B1A5-F83F-42D8-9EBB-4E714CC9D47D}"
EndProject
Project("{9A19103F-16F7-4668-BE54-9A1E7A4F7556}") = "DataRepository", "src\DataRepository\DataRepository.csproj", "{A65D6D07-3CED-4713-B89D-9929ACBA2081}"
EndProject
Project("{9A19103F-16F7-4668-BE54-9A1E7A4F7556}") = "ViridianSurveyWebApp", "src\ViridianSurveyWebApp\ViridianSurveyWebApp.csproj", "{EBEC518C-38A8-4A5B-98E7-A6ADEFC85444}"
EndProject
Global
	GlobalSection(SolutionConfigurationPlatforms) = preSolution
		Debug|Any CPU = Debug|Any CPU
		Debug|x64 = Debug|x64
		Debug|x86 = Debug|x86
		Release|Any CPU = Release|Any CPU
		Release|x64 = Release|x64
		Release|x86 = Release|x86
	EndGlobalSection
	GlobalSection(ProjectConfigurationPlatforms) = postSolution
		{19D8B1A5-F83F-42D8-9EBB-4E714CC9D47D}.Debug|Any CPU.ActiveCfg = Debug|Any CPU
		{19D8B1A5-F83F-42D8-9EBB-4E714CC9D47D}.Debug|Any CPU.Build.0 = Debug|Any CPU
		{19D8B1A5-F83F-42D8-9EBB-4E714CC9D47D}.Debug|x64.ActiveCfg = Debug|Any CPU
		{19D8B1A5-F83F-42D8-9EBB-4E714CC9D47D}.Debug|x64.Build.0 = Debug|Any CPU
		{19D8B1A5-F83F-42D8-9EBB-4E714CC9D47D}.Debug|x86.ActiveCfg = Debug|Any CPU
		{19D8B1A5-F83F-42D8-9EBB-4E714CC9D47D}.Debug|x86.Build.0 = Debug|Any CPU
		{19D8B1A5-F83F-42D8-9EBB-4E714CC9D47D}.Release|Any CPU.ActiveCfg = Release|Any CPU
		{19D8B1A5-F83F-42D8-9EBB-4E714CC9D47D}.Release|Any CPU.Build.0 = Release|Any CPU
		{19D8B1A5-F83F-42D8-9EBB-4E714CC9D47D}.Release|x64.ActiveCfg = Release|Any CPU
		{19D8B1A5-F83F-42D8-9EBB-4E714CC9D47D}.Release|x64.Build.0 = Release|Any CPU
		{19D8B1A5-F83F-42D8-9EBB-4E714CC9D47D}.Release|x86.ActiveCfg = Release|Any CPU
		{19D8B1A5-F83F-42D8-9EBB-4E714CC9D47D}.Release|x86.Build.0 = Release|Any CPU
		{A65D6D07-3CED-4713-B89D-9929ACBA2081}.Debug|Any CPU.ActiveCfg = Debug|Any CPU
		{A65D6D07-3CED-4713-B89D-9929ACBA2081}.Debug|Any CPU.Build.0 = Debug|Any CPU
		{A65D6D07-3CED-4713-B89D-9929ACBA2081}.Debug|x64.ActiveCfg = Debug|Any CPU
		{A65D6D07-3CED-4713-B89D-9929ACBA2081}.Debug|x64.Build.0 = Debug|Any CPU
		{A65D6D07-3CED-4713-B89D-9929ACBA2081}.Debug|x86.ActiveCfg = Debug|Any CPU
		{A65D6D07-3CED-4713-B89D-9929ACBA2081}.Debug|x86.Build.0 = Debug|Any CPU
		{A65D6D07-3CED-4713-B89D-9929ACBA2081}.Release|Any CPU.ActiveCfg = Release|Any CPU
		{A65D6D07-3CED-4713-B89D-9929ACBA2081}.Release|Any CPU.Build.0 = Release|Any CPU
		{A65D6D07-3CED-4713-B89D-9929ACBA2081}.Release|x64.ActiveCfg = Release|Any CPU
		{A65D6D07-3CED-4713-B89D-9929ACBA2081}.Release|x64.Build.0 = Release|Any CPU
		{A65D6D07-3CED-4713-B89D-9929ACBA2081}.Release|x86.ActiveCfg = Release|Any CPU
		{A65D6D07-3CED-4713-B89D-9929ACBA2081}.Release|x86.Build.0 = Release|Any CPU
		{EBEC518C-38A8-4A5B-98E7-A6ADEFC85444}.Debug|Any CPU.ActiveCfg = Debug|Any CPU
		{EBEC518C-38A8-4A5B-98E7-A6ADEFC85444}.Debug|Any CPU.Build.0 = Debug|Any CPU
		{EBEC518C-38A8-4A5B-98E7-A6ADEFC85444}.Debug|x64.ActiveCfg = Debug|Any CPU
		{EBEC518C-38A8-4A5B-98E7-A6ADEFC85444}.Debug|x64.Build.0 = Debug|Any CPU
		{EBEC518C-38A8-4A5B-98E7-A6ADEFC85444}.Debug|x86.ActiveCfg = Debug|Any CPU
		{EBEC518C-38A8-4A5B-98E7-A6ADEFC85444}.Debug|x86.Build.0 = Debug|Any CPU
		{EBEC518C-38A8-4A5B-98E7-A6ADEFC85444}.Release|Any CPU.ActiveCfg = Release|Any CPU
		{EBEC518C-38A8-4A5B-98E7-A6ADEFC85444}.Release|Any CPU.Build.0 = Release|Any CPU
		{EBEC518C-38A8-4A5B-98E7-A6ADEFC85444}.Release|x64.ActiveCfg = Release|Any CPU
		{EBEC518C-38A8-4A5B-98E7-A6ADEFC85444}.Release|x64.Build.0 = Release|Any CPU
		{EBEC518C-38A8-4A5B-98E7-A6ADEFC85444}.Release|x86.ActiveCfg = Release|Any CPU
		{EBEC518C-38A8-4A5B-98E7-A6ADEFC85444}.Release|x86.Build.0 = Release|Any CPU
	EndGlobalSection
	GlobalSection(SolutionProperties) = preSolution
		HideSolutionNode = FALSE
	EndGlobalSection
	GlobalSection(ExtensibilityGlobals) = postSolution
		SolutionGuid = {EEFCC4B4-AC6D-452D-8B8F-9D1D44627FF4}
	EndGlobalSection
EndGlobal
